
Microsoft Visual Studio Solution File, Format Version 12.00
# Visual Studio 14
VisualStudioVersion = 14.0.25420.1
MinimumVisualStudioVersion = 10.0.40219.1
Project("{FAE04EC0-301F-11D3-BF4B-00C04F79EFBC}") = "WebGather", "WebGather\WebGather.csproj", "{BB1CA1D1-7835-4962-A46F-13B31CD4EEC0}"
EndProject
Project("{2150E333-8FDC-42A3-9474-1A3956D46DE8}") = "Dos.ORM", "Dos.ORM", "{D9250098-0393-4C18-8B8B-447A21CEF52F}"
EndProject
Project("{FAE04EC0-301F-11D3-BF4B-00C04F79EFBC}") = "Dos.ORM", "..\通用组件\Doc.ORM\Dos.ORM\Dos.ORM.csproj", "{4BEF1983-F275-4807-96EA-25B973BD6E94}"
EndProject
Project("{FAE04EC0-301F-11D3-BF4B-00C04F79EFBC}") = "Dos.DataAccess", "..\通用组件\Doc.ORM\DataAccess\Dos.DataAccess.csproj", "{7D86CD94-20F0-46CB-AEA3-04A674620862}"
EndProject
Project("{FAE04EC0-301F-11D3-BF4B-00C04F79EFBC}") = "Dos.Common", "..\通用组件\Doc.ORM\Dos.Common\Dos.Common.csproj", "{B9FEF835-EC96-4314-A77D-FFFEA7C43BEE}"
EndProject
Project("{FAE04EC0-301F-11D3-BF4B-00C04F79EFBC}") = "Tools", "..\通用组件\Tools\Tools.csproj", "{D967950C-CCF5-47A4-A202-6930F2C8E20D}"
EndProject
Project("{FAE04EC0-301F-11D3-BF4B-00C04F79EFBC}") = "Bll", "Bll\Bll.csproj", "{87C77C2A-F1AC-40D3-BC23-A71724D97BDA}"
EndProject
Project("{FAE04EC0-301F-11D3-BF4B-00C04F79EFBC}") = "Dal", "Dal\Dal.csproj", "{5948869E-6ADC-41B6-B9D1-107E6C080A9F}"
EndProject
Project("{FAE04EC0-301F-11D3-BF4B-00C04F79EFBC}") = "Model", "Model\Model.csproj", "{6423445D-3939-4C31-BB70-FB3728889496}"
EndProject
Project("{2150E333-8FDC-42A3-9474-1A3956D46DE8}") = "Alibaba", "Alibaba", "{1766A1C0-BA96-42E1-B6A9-E30797731A6B}"
EndProject
Project("{FAE04EC0-301F-11D3-BF4B-00C04F79EFBC}") = "GetSupplier", "GetSupplier\GetSupplier.csproj", "{E78C9BC9-55CC-408E-8E5B-4F8CA14D166B}"
EndProject
Project("{FAE04EC0-301F-11D3-BF4B-00C04F79EFBC}") = "AccountLogin", "AccountLogin\AccountLogin.csproj", "{82890FED-5AA5-4B7A-A771-75007BC61B18}"
EndProject
Project("{FAE04EC0-301F-11D3-BF4B-00C04F79EFBC}") = "Common", "Common\Common.csproj", "{EC6CF01C-1517-473A-B7AD-4577C167D65A}"
EndProject
Project("{FAE04EC0-301F-11D3-BF4B-00C04F79EFBC}") = "ImageDownload", "ImageDownload\ImageDownload.csproj", "{B4A3465D-DE19-49FB-B7C3-5624E63715C8}"
EndProject
Project("{FAE04EC0-301F-11D3-BF4B-00C04F79EFBC}") = "WorkerSpace", "WorkerSpace\WorkerSpace.csproj", "{BC4DC381-D683-4744-B90A-148A72DC2093}"
EndProject
Project("{FAE04EC0-301F-11D3-BF4B-00C04F79EFBC}") = "Test", "Test\Test.csproj", "{BBC401BA-21CD-4AAB-A29B-91D98F91015D}"
EndProject
Project("{FAE04EC0-301F-11D3-BF4B-00C04F79EFBC}") = "ImageMoveHandle", "ImageMoveHandle\ImageMoveHandle.csproj", "{814A158B-E775-4CF9-876B-640B3C6D52FC}"
EndProject
Project("{FAE04EC0-301F-11D3-BF4B-00C04F79EFBC}") = "GetProductInfo", "GetProductInfo\GetProductInfo.csproj", "{5C5B8162-50A1-426F-BC5D-FD4CBF2DDE1B}"
EndProject
Project("{FAE04EC0-301F-11D3-BF4B-00C04F79EFBC}") = "GetProductList", "GetProductList\GetProductList.csproj", "{BB96A6CC-24A9-496B-B8CB-3840498EA272}"
EndProject
Global
	GlobalSection(SolutionConfigurationPlatforms) = preSolution
		Debug|Any CPU = Debug|Any CPU
		Release|Any CPU = Release|Any CPU
	EndGlobalSection
	GlobalSection(ProjectConfigurationPlatforms) = postSolution
		{BB1CA1D1-7835-4962-A46F-13B31CD4EEC0}.Debug|Any CPU.ActiveCfg = Debug|Any CPU
		{BB1CA1D1-7835-4962-A46F-13B31CD4EEC0}.Debug|Any CPU.Build.0 = Debug|Any CPU
		{BB1CA1D1-7835-4962-A46F-13B31CD4EEC0}.Release|Any CPU.ActiveCfg = Release|Any CPU
		{BB1CA1D1-7835-4962-A46F-13B31CD4EEC0}.Release|Any CPU.Build.0 = Release|Any CPU
		{4BEF1983-F275-4807-96EA-25B973BD6E94}.Debug|Any CPU.ActiveCfg = Debug|Any CPU
		{4BEF1983-F275-4807-96EA-25B973BD6E94}.Debug|Any CPU.Build.0 = Debug|Any CPU
		{4BEF1983-F275-4807-96EA-25B973BD6E94}.Release|Any CPU.ActiveCfg = Release|Any CPU
		{4BEF1983-F275-4807-96EA-25B973BD6E94}.Release|Any CPU.Build.0 = Release|Any CPU
		{7D86CD94-20F0-46CB-AEA3-04A674620862}.Debug|Any CPU.ActiveCfg = Debug|Any CPU
		{7D86CD94-20F0-46CB-AEA3-04A674620862}.Debug|Any CPU.Build.0 = Debug|Any CPU
		{7D86CD94-20F0-46CB-AEA3-04A674620862}.Release|Any CPU.ActiveCfg = Release|Any CPU
		{7D86CD94-20F0-46CB-AEA3-04A674620862}.Release|Any CPU.Build.0 = Release|Any CPU
		{B9FEF835-EC96-4314-A77D-FFFEA7C43BEE}.Debug|Any CPU.ActiveCfg = Debug|Any CPU
		{B9FEF835-EC96-4314-A77D-FFFEA7C43BEE}.Debug|Any CPU.Build.0 = Debug|Any CPU
		{B9FEF835-EC96-4314-A77D-FFFEA7C43BEE}.Release|Any CPU.ActiveCfg = Release|Any CPU
		{B9FEF835-EC96-4314-A77D-FFFEA7C43BEE}.Release|Any CPU.Build.0 = Release|Any CPU
		{D967950C-CCF5-47A4-A202-6930F2C8E20D}.Debug|Any CPU.ActiveCfg = Debug|Any CPU
		{D967950C-CCF5-47A4-A202-6930F2C8E20D}.Debug|Any CPU.Build.0 = Debug|Any CPU
		{D967950C-CCF5-47A4-A202-6930F2C8E20D}.Release|Any CPU.ActiveCfg = Release|Any CPU
		{D967950C-CCF5-47A4-A202-6930F2C8E20D}.Release|Any CPU.Build.0 = Release|Any CPU
		{87C77C2A-F1AC-40D3-BC23-A71724D97BDA}.Debug|Any CPU.ActiveCfg = Debug|Any CPU
		{87C77C2A-F1AC-40D3-BC23-A71724D97BDA}.Debug|Any CPU.Build.0 = Debug|Any CPU
		{87C77C2A-F1AC-40D3-BC23-A71724D97BDA}.Release|Any CPU.ActiveCfg = Release|Any CPU
		{87C77C2A-F1AC-40D3-BC23-A71724D97BDA}.Release|Any CPU.Build.0 = Release|Any CPU
		{5948869E-6ADC-41B6-B9D1-107E6C080A9F}.Debug|Any CPU.ActiveCfg = Debug|Any CPU
		{5948869E-6ADC-41B6-B9D1-107E6C080A9F}.Debug|Any CPU.Build.0 = Debug|Any CPU
		{5948869E-6ADC-41B6-B9D1-107E6C080A9F}.Release|Any CPU.ActiveCfg = Release|Any CPU
		{5948869E-6ADC-41B6-B9D1-107E6C080A9F}.Release|Any CPU.Build.0 = Release|Any CPU
		{6423445D-3939-4C31-BB70-FB3728889496}.Debug|Any CPU.ActiveCfg = Debug|Any CPU
		{6423445D-3939-4C31-BB70-FB3728889496}.Debug|Any CPU.Build.0 = Debug|Any CPU
		{6423445D-3939-4C31-BB70-FB3728889496}.Release|Any CPU.ActiveCfg = Release|Any CPU
		{6423445D-3939-4C31-BB70-FB3728889496}.Release|Any CPU.Build.0 = Release|Any CPU
		{E78C9BC9-55CC-408E-8E5B-4F8CA14D166B}.Debug|Any CPU.ActiveCfg = Debug|Any CPU
		{E78C9BC9-55CC-408E-8E5B-4F8CA14D166B}.Debug|Any CPU.Build.0 = Debug|Any CPU
		{E78C9BC9-55CC-408E-8E5B-4F8CA14D166B}.Release|Any CPU.ActiveCfg = Release|Any CPU
		{E78C9BC9-55CC-408E-8E5B-4F8CA14D166B}.Release|Any CPU.Build.0 = Release|Any CPU
		{82890FED-5AA5-4B7A-A771-75007BC61B18}.Debug|Any CPU.ActiveCfg = Debug|Any CPU
		{82890FED-5AA5-4B7A-A771-75007BC61B18}.Debug|Any CPU.Build.0 = Debug|Any CPU
		{82890FED-5AA5-4B7A-A771-75007BC61B18}.Release|Any CPU.ActiveCfg = Release|Any CPU
		{82890FED-5AA5-4B7A-A771-75007BC61B18}.Release|Any CPU.Build.0 = Release|Any CPU
		{EC6CF01C-1517-473A-B7AD-4577C167D65A}.Debug|Any CPU.ActiveCfg = Debug|Any CPU
		{EC6CF01C-1517-473A-B7AD-4577C167D65A}.Debug|Any CPU.Build.0 = Debug|Any CPU
		{EC6CF01C-1517-473A-B7AD-4577C167D65A}.Release|Any CPU.ActiveCfg = Release|Any CPU
		{EC6CF01C-1517-473A-B7AD-4577C167D65A}.Release|Any CPU.Build.0 = Release|Any CPU
		{B4A3465D-DE19-49FB-B7C3-5624E63715C8}.Debug|Any CPU.ActiveCfg = Debug|Any CPU
		{B4A3465D-DE19-49FB-B7C3-5624E63715C8}.Debug|Any CPU.Build.0 = Debug|Any CPU
		{B4A3465D-DE19-49FB-B7C3-5624E63715C8}.Release|Any CPU.ActiveCfg = Release|Any CPU
		{B4A3465D-DE19-49FB-B7C3-5624E63715C8}.Release|Any CPU.Build.0 = Release|Any CPU
		{BC4DC381-D683-4744-B90A-148A72DC2093}.Debug|Any CPU.ActiveCfg = Debug|Any CPU
		{BC4DC381-D683-4744-B90A-148A72DC2093}.Debug|Any CPU.Build.0 = Debug|Any CPU
		{BC4DC381-D683-4744-B90A-148A72DC2093}.Release|Any CPU.ActiveCfg = Release|Any CPU
		{BC4DC381-D683-4744-B90A-148A72DC2093}.Release|Any CPU.Build.0 = Release|Any CPU
		{BBC401BA-21CD-4AAB-A29B-91D98F91015D}.Debug|Any CPU.ActiveCfg = Debug|Any CPU
		{BBC401BA-21CD-4AAB-A29B-91D98F91015D}.Debug|Any CPU.Build.0 = Debug|Any CPU
		{BBC401BA-21CD-4AAB-A29B-91D98F91015D}.Release|Any CPU.ActiveCfg = Release|Any CPU
		{BBC401BA-21CD-4AAB-A29B-91D98F91015D}.Release|Any CPU.Build.0 = Release|Any CPU
		{814A158B-E775-4CF9-876B-640B3C6D52FC}.Debug|Any CPU.ActiveCfg = Debug|Any CPU
		{814A158B-E775-4CF9-876B-640B3C6D52FC}.Debug|Any CPU.Build.0 = Debug|Any CPU
		{814A158B-E775-4CF9-876B-640B3C6D52FC}.Release|Any CPU.ActiveCfg = Release|Any CPU
		{814A158B-E775-4CF9-876B-640B3C6D52FC}.Release|Any CPU.Build.0 = Release|Any CPU
		{5C5B8162-50A1-426F-BC5D-FD4CBF2DDE1B}.Debug|Any CPU.ActiveCfg = Debug|Any CPU
		{5C5B8162-50A1-426F-BC5D-FD4CBF2DDE1B}.Debug|Any CPU.Build.0 = Debug|Any CPU
		{5C5B8162-50A1-426F-BC5D-FD4CBF2DDE1B}.Release|Any CPU.ActiveCfg = Release|Any CPU
		{5C5B8162-50A1-426F-BC5D-FD4CBF2DDE1B}.Release|Any CPU.Build.0 = Release|Any CPU
		{BB96A6CC-24A9-496B-B8CB-3840498EA272}.Debug|Any CPU.ActiveCfg = Debug|Any CPU
		{BB96A6CC-24A9-496B-B8CB-3840498EA272}.Debug|Any CPU.Build.0 = Debug|Any CPU
		{BB96A6CC-24A9-496B-B8CB-3840498EA272}.Release|Any CPU.ActiveCfg = Release|Any CPU
		{BB96A6CC-24A9-496B-B8CB-3840498EA272}.Release|Any CPU.Build.0 = Release|Any CPU
	EndGlobalSection
	GlobalSection(SolutionProperties) = preSolution
		HideSolutionNode = FALSE
	EndGlobalSection
	GlobalSection(NestedProjects) = preSolution
		{4BEF1983-F275-4807-96EA-25B973BD6E94} = {D9250098-0393-4C18-8B8B-447A21CEF52F}
		{7D86CD94-20F0-46CB-AEA3-04A674620862} = {D9250098-0393-4C18-8B8B-447A21CEF52F}
		{B9FEF835-EC96-4314-A77D-FFFEA7C43BEE} = {D9250098-0393-4C18-8B8B-447A21CEF52F}
		{E78C9BC9-55CC-408E-8E5B-4F8CA14D166B} = {1766A1C0-BA96-42E1-B6A9-E30797731A6B}
		{82890FED-5AA5-4B7A-A771-75007BC61B18} = {1766A1C0-BA96-42E1-B6A9-E30797731A6B}
		{EC6CF01C-1517-473A-B7AD-4577C167D65A} = {1766A1C0-BA96-42E1-B6A9-E30797731A6B}
		{B4A3465D-DE19-49FB-B7C3-5624E63715C8} = {1766A1C0-BA96-42E1-B6A9-E30797731A6B}
		{BC4DC381-D683-4744-B90A-148A72DC2093} = {1766A1C0-BA96-42E1-B6A9-E30797731A6B}
		{814A158B-E775-4CF9-876B-640B3C6D52FC} = {1766A1C0-BA96-42E1-B6A9-E30797731A6B}
		{5C5B8162-50A1-426F-BC5D-FD4CBF2DDE1B} = {1766A1C0-BA96-42E1-B6A9-E30797731A6B}
		{BB96A6CC-24A9-496B-B8CB-3840498EA272} = {1766A1C0-BA96-42E1-B6A9-E30797731A6B}
	EndGlobalSection
EndGlobal
